
Microsoft Visual Studio Solution File, Format Version 12.00
# Visual Studio Version 17
VisualStudioVersion = 17.8.34330.188
MinimumVisualStudioVersion = 10.0.40219.1
Project("{FAE04EC0-301F-11D3-BF4B-00C04F79EFBC}") = "EasyChat", "EasyChat\EasyChat.csproj", "{6ED688E3-DCE3-4A81-9463-9FB167237605}"
EndProject
Global
	GlobalSection(SolutionConfigurationPlatforms) = preSolution
		Debug|Any CPU = Debug|Any CPU
		Release|Any CPU = Release|Any CPU
	EndGlobalSection
	GlobalSection(ProjectConfigurationPlatforms) = postSolution
		{6ED688E3-DCE3-4A81-9463-9FB167237605}.Debug|Any CPU.ActiveCfg = Debug|Any CPU
		{6ED688E3-DCE3-4A81-9463-9FB167237605}.Debug|Any CPU.Build.0 = Debug|Any CPU
		{6ED688E3-DCE3-4A81-9463-9FB167237605}.Release|Any CPU.ActiveCfg = Release|Any CPU
		{6ED688E3-DCE3-4A81-9463-9FB167237605}.Release|Any CPU.Build.0 = Release|Any CPU
	EndGlobalSection
	GlobalSection(SolutionProperties) = preSolution
		HideSolutionNode = FALSE
	EndGlobalSection
	GlobalSection(ExtensibilityGlobals) = postSolution
		SolutionGuid = {9FE743F5-542A-4491-9A2E-5C8DF1A6A8BE}
	EndGlobalSection
EndGlobal
